
Microsoft Visual Studio Solution File, Format Version 12.00
# Visual Studio Version 16
VisualStudioVersion = 16.0.29709.97
MinimumVisualStudioVersion = 10.0.40219.1
Project("{FAE04EC0-301F-11D3-BF4B-00C04F79EFBC}") = "Labb2", "Labb2\Labb2.csproj", "{D8964A5C-3117-4931-AE34-E9D587999165}"
EndProject
Project("{FAE04EC0-301F-11D3-BF4B-00C04F79EFBC}") = "LagerService", "LagerService\LagerService.csproj", "{C16EAC4F-3583-4D05-BC44-A6FF8B7D160B}"
EndProject
Project("{FAE04EC0-301F-11D3-BF4B-00C04F79EFBC}") = "GrossistService", "GrossistService\GrossistService.csproj", "{90C5D484-A577-414C-87CD-85A0690C7D16}"
EndProject
Global
	GlobalSection(SolutionConfigurationPlatforms) = preSolution
		Debug|Any CPU = Debug|Any CPU
		Release|Any CPU = Release|Any CPU
	EndGlobalSection
	GlobalSection(ProjectConfigurationPlatforms) = postSolution
		{D8964A5C-3117-4931-AE34-E9D587999165}.Debug|Any CPU.ActiveCfg = Debug|Any CPU
		{D8964A5C-3117-4931-AE34-E9D587999165}.Debug|Any CPU.Build.0 = Debug|Any CPU
		{D8964A5C-3117-4931-AE34-E9D587999165}.Release|Any CPU.ActiveCfg = Release|Any CPU
		{D8964A5C-3117-4931-AE34-E9D587999165}.Release|Any CPU.Build.0 = Release|Any CPU
		{C16EAC4F-3583-4D05-BC44-A6FF8B7D160B}.Debug|Any CPU.ActiveCfg = Debug|Any CPU
		{C16EAC4F-3583-4D05-BC44-A6FF8B7D160B}.Debug|Any CPU.Build.0 = Debug|Any CPU
		{C16EAC4F-3583-4D05-BC44-A6FF8B7D160B}.Release|Any CPU.ActiveCfg = Release|Any CPU
		{C16EAC4F-3583-4D05-BC44-A6FF8B7D160B}.Release|Any CPU.Build.0 = Release|Any CPU
		{90C5D484-A577-414C-87CD-85A0690C7D16}.Debug|Any CPU.ActiveCfg = Debug|Any CPU
		{90C5D484-A577-414C-87CD-85A0690C7D16}.Debug|Any CPU.Build.0 = Debug|Any CPU
		{90C5D484-A577-414C-87CD-85A0690C7D16}.Release|Any CPU.ActiveCfg = Release|Any CPU
		{90C5D484-A577-414C-87CD-85A0690C7D16}.Release|Any CPU.Build.0 = Release|Any CPU
	EndGlobalSection
	GlobalSection(SolutionProperties) = preSolution
		HideSolutionNode = FALSE
	EndGlobalSection
	GlobalSection(ExtensibilityGlobals) = postSolution
		SolutionGuid = {D366D974-A4C7-461C-B4A2-0252536E4ABF}
	EndGlobalSection
EndGlobal
